
Microsoft Visual Studio Solution File, Format Version 12.00
# Visual Studio Version 16
VisualStudioVersion = 16.0.30503.244
MinimumVisualStudioVersion = 10.0.40219.1
Project("{FAE04EC0-301F-11D3-BF4B-00C04F79EFBC}") = "Piskvorky", "Piskvorky\Piskvorky.csproj", "{91ECAAE0-A7FB-4FDB-9B5B-B9522BA12F4D}"
EndProject
Global
	GlobalSection(SolutionConfigurationPlatforms) = preSolution
		Debug|Any CPU = Debug|Any CPU
		Release|Any CPU = Release|Any CPU
	EndGlobalSection
	GlobalSection(ProjectConfigurationPlatforms) = postSolution
		{91ECAAE0-A7FB-4FDB-9B5B-B9522BA12F4D}.Debug|Any CPU.ActiveCfg = Debug|Any CPU
		{91ECAAE0-A7FB-4FDB-9B5B-B9522BA12F4D}.Debug|Any CPU.Build.0 = Debug|Any CPU
		{91ECAAE0-A7FB-4FDB-9B5B-B9522BA12F4D}.Release|Any CPU.ActiveCfg = Release|Any CPU
		{91ECAAE0-A7FB-4FDB-9B5B-B9522BA12F4D}.Release|Any CPU.Build.0 = Release|Any CPU
	EndGlobalSection
	GlobalSection(SolutionProperties) = preSolution
		HideSolutionNode = FALSE
	EndGlobalSection
	GlobalSection(ExtensibilityGlobals) = postSolution
		SolutionGuid = {EA9B19CF-0CB5-4BE2-A991-A828547C3317}
	EndGlobalSection
EndGlobal
